// !$*UTF8*$!
{
	archiveVersion = 1;
	classes = {
	};
	objectVersion = 56;
	objects = {

/* Begin PBXBuildFile section */
		BD5FBBF92850D696001504CF /* ScanningDataCameraApp.swift in Sources */ = {isa = PBXBuildFile; fileRef = BD5FBBF82850D696001504CF /* ScanningDataCameraApp.swift */; };
		BD5FBBFB2850D696001504CF /* ContentView.swift in Sources */ = {isa = PBXBuildFile; fileRef = BD5FBBFA2850D696001504CF /* ContentView.swift */; };
		BD5FBBFD2850D696001504CF /* Assets.xcassets in Resources */ = {isa = PBXBuildFile; fileRef = BD5FBBFC2850D696001504CF /* Assets.xcassets */; };
		BD5FBC002850D696001504CF /* Preview Assets.xcassets in Resources */ = {isa = PBXBuildFile; fileRef = BD5FBBFF2850D696001504CF /* Preview Assets.xcassets */; };
		FB0CEB7A2B9ADC88001233CD /* PackageInsertsViewer.swift in Sources */ = {isa = PBXBuildFile; fileRef = FB0CEB792B9ADC88001233CD /* PackageInsertsViewer.swift */; };
		FB299B3F2B9EC46500F2DECE /* interrupted_enum.swift in Sources */ = {isa = PBXBuildFile; fileRef = FB299B3E2B9EC46500F2DECE /* interrupted_enum.swift */; };
		FB299B412B9ED32600F2DECE /* list_struct.swift in Sources */ = {isa = PBXBuildFile; fileRef = FB299B402B9ED32600F2DECE /* list_struct.swift */; };
		FB299B432B9ED3C600F2DECE /* GS1_128_enum.swift in Sources */ = {isa = PBXBuildFile; fileRef = FB299B422B9ED3C600F2DECE /* GS1_128_enum.swift */; };
		FB299B452B9ED3FE00F2DECE /* barcode_symbol_enum.swift in Sources */ = {isa = PBXBuildFile; fileRef = FB299B442B9ED3FE00F2DECE /* barcode_symbol_enum.swift */; };
		FB299B472B9ED47800F2DECE /* ai_num_array.swift in Sources */ = {isa = PBXBuildFile; fileRef = FB299B462B9ED47800F2DECE /* ai_num_array.swift */; };
		FB3D72482BA3DBC1007F0665 /* hardware_session_image_dic.swift in Sources */ = {isa = PBXBuildFile; fileRef = FB3D72472BA3DBC1007F0665 /* hardware_session_image_dic.swift */; };
		FB3D724A2BA3DCCA007F0665 /* GS1_data_matrix_all_dic.swift in Sources */ = {isa = PBXBuildFile; fileRef = FB3D72492BA3DCCA007F0665 /* GS1_data_matrix_all_dic.swift */; };
		FB3D724C2BA3DD17007F0665 /* GS1_128_all_dic.swift in Sources */ = {isa = PBXBuildFile; fileRef = FB3D724B2BA3DD17007F0665 /* GS1_128_all_dic.swift */; };
		FB3D724E2BA3DD5B007F0665 /* ai_dic.swift in Sources */ = {isa = PBXBuildFile; fileRef = FB3D724D2BA3DD5B007F0665 /* ai_dic.swift */; };
		FB3D72502BA3DDB2007F0665 /* barCodeSymbolType_dic.swift in Sources */ = {isa = PBXBuildFile; fileRef = FB3D724F2BA3DDB2007F0665 /* barCodeSymbolType_dic.swift */; };
		FB3D72522BA42AF2007F0665 /* session_setup_result_enum.swift in Sources */ = {isa = PBXBuildFile; fileRef = FB3D72512BA42AF2007F0665 /* session_setup_result_enum.swift */; };
		FB3DC5B62A40641A00BA5732 /* AVFoundationSetup.swift in Sources */ = {isa = PBXBuildFile; fileRef = FB3DC5B52A40641900BA5732 /* AVFoundationSetup.swift */; };
		FB4F4A012AFE2D26003E994D /* InfoUIView.swift in Sources */ = {isa = PBXBuildFile; fileRef = FB4F4A002AFE2D26003E994D /* InfoUIView.swift */; };
		FB6FD1992A0CEBEB004C38AC /* webPDFViewSelector.swift in Sources */ = {isa = PBXBuildFile; fileRef = FB6FD1982A0CEBEB004C38AC /* webPDFViewSelector.swift */; };
		FBA615412B7AF79800415B16 /* RelationInfoViewer.swift in Sources */ = {isa = PBXBuildFile; fileRef = FBA615402B7AF79800415B16 /* RelationInfoViewer.swift */; };
		FBC2B8D12A2E8B97008E45FF /* Localizable.strings in Resources */ = {isa = PBXBuildFile; fileRef = FBC2B8D32A2E8B97008E45FF /* Localizable.strings */; };
		FBD898602B5E8E5C0058FF96 /* App_Scene_delegates.swift in Sources */ = {isa = PBXBuildFile; fileRef = FBD8985F2B5E8E5C0058FF96 /* App_Scene_delegates.swift */; };
		FBE3C79B2CF0543A003C5616 /* ai_type_enum.swift in Sources */ = {isa = PBXBuildFile; fileRef = FBE3C79A2CF0543A003C5616 /* ai_type_enum.swift */; };
		FBECC9392A45260500519C10 /* CALayerView.swift in Sources */ = {isa = PBXBuildFile; fileRef = FBECC9382A45260500519C10 /* CALayerView.swift */; };
		FBECC93B2A45271B00519C10 /* CameraScannerAVF.swift in Sources */ = {isa = PBXBuildFile; fileRef = FBECC93A2A45271B00519C10 /* CameraScannerAVF.swift */; };
/* End PBXBuildFile section */

/* Begin PBXFileReference section */
		BD5FBBF52850D696001504CF /* ScanningDataCamera.app */ = {isa = PBXFileReference; explicitFileType = wrapper.application; includeInIndex = 0; path = ScanningDataCamera.app; sourceTree = BUILT_PRODUCTS_DIR; };
		BD5FBBF82850D696001504CF /* ScanningDataCameraApp.swift */ = {isa = PBXFileReference; lastKnownFileType = sourcecode.swift; path = ScanningDataCameraApp.swift; sourceTree = "<group>"; };
		BD5FBBFA2850D696001504CF /* ContentView.swift */ = {isa = PBXFileReference; lastKnownFileType = sourcecode.swift; path = ContentView.swift; sourceTree = "<group>"; };
		BD5FBBFC2850D696001504CF /* Assets.xcassets */ = {isa = PBXFileReference; lastKnownFileType = folder.assetcatalog; path = Assets.xcassets; sourceTree = "<group>"; };
		BD5FBBFF2850D696001504CF /* Preview Assets.xcassets */ = {isa = PBXFileReference; lastKnownFileType = folder.assetcatalog; path = "Preview Assets.xcassets"; sourceTree = "<group>"; };
		FB0CEB792B9ADC88001233CD /* PackageInsertsViewer.swift */ = {isa = PBXFileReference; lastKnownFileType = sourcecode.swift; path = PackageInsertsViewer.swift; sourceTree = "<group>"; };
		FB299B3E2B9EC46500F2DECE /* interrupted_enum.swift */ = {isa = PBXFileReference; lastKnownFileType = sourcecode.swift; path = interrupted_enum.swift; sourceTree = "<group>"; };
		FB299B402B9ED32600F2DECE /* list_struct.swift */ = {isa = PBXFileReference; lastKnownFileType = sourcecode.swift; path = list_struct.swift; sourceTree = "<group>"; };
		FB299B422B9ED3C600F2DECE /* GS1_128_enum.swift */ = {isa = PBXFileReference; lastKnownFileType = sourcecode.swift; path = GS1_128_enum.swift; sourceTree = "<group>"; };
		FB299B442B9ED3FE00F2DECE /* barcode_symbol_enum.swift */ = {isa = PBXFileReference; lastKnownFileType = sourcecode.swift; path = barcode_symbol_enum.swift; sourceTree = "<group>"; };
		FB299B462B9ED47800F2DECE /* ai_num_array.swift */ = {isa = PBXFileReference; lastKnownFileType = sourcecode.swift; path = ai_num_array.swift; sourceTree = "<group>"; };
		FB3D72472BA3DBC1007F0665 /* hardware_session_image_dic.swift */ = {isa = PBXFileReference; lastKnownFileType = sourcecode.swift; path = hardware_session_image_dic.swift; sourceTree = "<group>"; };
		FB3D72492BA3DCCA007F0665 /* GS1_data_matrix_all_dic.swift */ = {isa = PBXFileReference; lastKnownFileType = sourcecode.swift; path = GS1_data_matrix_all_dic.swift; sourceTree = "<group>"; };
		FB3D724B2BA3DD17007F0665 /* GS1_128_all_dic.swift */ = {isa = PBXFileReference; lastKnownFileType = sourcecode.swift; path = GS1_128_all_dic.swift; sourceTree = "<group>"; };
		FB3D724D2BA3DD5B007F0665 /* ai_dic.swift */ = {isa = PBXFileReference; lastKnownFileType = sourcecode.swift; path = ai_dic.swift; sourceTree = "<group>"; };
		FB3D724F2BA3DDB2007F0665 /* barCodeSymbolType_dic.swift */ = {isa = PBXFileReference; lastKnownFileType = sourcecode.swift; path = barCodeSymbolType_dic.swift; sourceTree = "<group>"; };
		FB3D72512BA42AF2007F0665 /* session_setup_result_enum.swift */ = {isa = PBXFileReference; lastKnownFileType = sourcecode.swift; path = session_setup_result_enum.swift; sourceTree = "<group>"; };
		FB3DC5B52A40641900BA5732 /* AVFoundationSetup.swift */ = {isa = PBXFileReference; lastKnownFileType = sourcecode.swift; path = AVFoundationSetup.swift; sourceTree = "<group>"; };
		FB4F4A002AFE2D26003E994D /* InfoUIView.swift */ = {isa = PBXFileReference; lastKnownFileType = sourcecode.swift; path = InfoUIView.swift; sourceTree = "<group>"; };
		FB6FD1982A0CEBEB004C38AC /* webPDFViewSelector.swift */ = {isa = PBXFileReference; lastKnownFileType = sourcecode.swift; path = webPDFViewSelector.swift; sourceTree = "<group>"; };
		FBA615402B7AF79800415B16 /* RelationInfoViewer.swift */ = {isa = PBXFileReference; lastKnownFileType = sourcecode.swift; path = RelationInfoViewer.swift; sourceTree = "<group>"; };
		FBC2B8D22A2E8B97008E45FF /* ja */ = {isa = PBXFileReference; lastKnownFileType = text.plist.strings; name = ja; path = ja.lproj/Localizable.strings; sourceTree = "<group>"; };
		FBD8985F2B5E8E5C0058FF96 /* App_Scene_delegates.swift */ = {isa = PBXFileReference; lastKnownFileType = sourcecode.swift; path = App_Scene_delegates.swift; sourceTree = "<group>"; };
		FBE3C79A2CF0543A003C5616 /* ai_type_enum.swift */ = {isa = PBXFileReference; lastKnownFileType = sourcecode.swift; path = ai_type_enum.swift; sourceTree = "<group>"; };
		FBE83E292A4DB17300B1D257 /* Info.plist */ = {isa = PBXFileReference; lastKnownFileType = text.plist; path = Info.plist; sourceTree = "<group>"; };
		FBECC9382A45260500519C10 /* CALayerView.swift */ = {isa = PBXFileReference; lastKnownFileType = sourcecode.swift; path = CALayerView.swift; sourceTree = "<group>"; };
		FBECC93A2A45271B00519C10 /* CameraScannerAVF.swift */ = {isa = PBXFileReference; lastKnownFileType = sourcecode.swift; path = CameraScannerAVF.swift; sourceTree = "<group>"; };
/* End PBXFileReference section */

/* Begin PBXFrameworksBuildPhase section */
		BD5FBBF22850D696001504CF /* Frameworks */ = {
			isa = PBXFrameworksBuildPhase;
			buildActionMask = 2147483647;
			files = (
			);
			runOnlyForDeploymentPostprocessing = 0;
		};
/* End PBXFrameworksBuildPhase section */

/* Begin PBXGroup section */
		BD5FBBEC2850D696001504CF = {
			isa = PBXGroup;
			children = (
				FBC2B8D32A2E8B97008E45FF /* Localizable.strings */,
				BD5FBBF72850D696001504CF /* ScanningDataCamera */,
				BD5FBBF62850D696001504CF /* Products */,
			);
			sourceTree = "<group>";
		};
		BD5FBBF62850D696001504CF /* Products */ = {
			isa = PBXGroup;
			children = (
				BD5FBBF52850D696001504CF /* ScanningDataCamera.app */,
			);
			name = Products;
			sourceTree = "<group>";
		};
		BD5FBBF72850D696001504CF /* ScanningDataCamera */ = {
			isa = PBXGroup;
			children = (
				FB3D72462BA3DAB5007F0665 /* Model */,
				FBE83E292A4DB17300B1D257 /* Info.plist */,
				BD5FBBF82850D696001504CF /* ScanningDataCameraApp.swift */,
				FBA615402B7AF79800415B16 /* RelationInfoViewer.swift */,
				FBD8985F2B5E8E5C0058FF96 /* App_Scene_delegates.swift */,
				FBECC93A2A45271B00519C10 /* CameraScannerAVF.swift */,
				BD5FBBFA2850D696001504CF /* ContentView.swift */,
				FB3DC5B52A40641900BA5732 /* AVFoundationSetup.swift */,
				FB6FD1982A0CEBEB004C38AC /* webPDFViewSelector.swift */,
				FB0CEB792B9ADC88001233CD /* PackageInsertsViewer.swift */,
				FBECC9382A45260500519C10 /* CALayerView.swift */,
				FB4F4A002AFE2D26003E994D /* InfoUIView.swift */,
				BD5FBBFC2850D696001504CF /* Assets.xcassets */,
				BD5FBBFE2850D696001504CF /* Preview Content */,
			);
			path = ScanningDataCamera;
			sourceTree = "<group>";
		};
		BD5FBBFE2850D696001504CF /* Preview Content */ = {
			isa = PBXGroup;
			children = (
				BD5FBBFF2850D696001504CF /* Preview Assets.xcassets */,
			);
			path = "Preview Content";
			sourceTree = "<group>";
		};
		FB3D72462BA3DAB5007F0665 /* Model */ = {
			isa = PBXGroup;
			children = (
				FB3D724D2BA3DD5B007F0665 /* ai_dic.swift */,
				FB299B462B9ED47800F2DECE /* ai_num_array.swift */,
				FBE3C79A2CF0543A003C5616 /* ai_type_enum.swift */,
				FB299B442B9ED3FE00F2DECE /* barcode_symbol_enum.swift */,
				FB3D724F2BA3DDB2007F0665 /* barCodeSymbolType_dic.swift */,
				FB3D724B2BA3DD17007F0665 /* GS1_128_all_dic.swift */,
				FB299B422B9ED3C600F2DECE /* GS1_128_enum.swift */,
				FB3D72492BA3DCCA007F0665 /* GS1_data_matrix_all_dic.swift */,
				FB3D72472BA3DBC1007F0665 /* hardware_session_image_dic.swift */,
				FB299B3E2B9EC46500F2DECE /* interrupted_enum.swift */,
				FB299B402B9ED32600F2DECE /* list_struct.swift */,
				FB3D72512BA42AF2007F0665 /* session_setup_result_enum.swift */,
			);
			path = Model;
			sourceTree = "<group>";
		};
/* End PBXGroup section */

/* Begin PBXNativeTarget section */
		BD5FBBF42850D696001504CF /* ScanningDataCamera */ = {
			isa = PBXNativeTarget;
			buildConfigurationList = BD5FBC032850D696001504CF /* Build configuration list for PBXNativeTarget "ScanningDataCamera" */;
			buildPhases = (
				BD5FBBF12850D696001504CF /* Sources */,
				BD5FBBF22850D696001504CF /* Frameworks */,
				BD5FBBF32850D696001504CF /* Resources */,
			);
			buildRules = (
			);
			dependencies = (
			);
			name = ScanningDataCamera;
			productName = ScanningDataCamera;
			productReference = BD5FBBF52850D696001504CF /* ScanningDataCamera.app */;
			productType = "com.apple.product-type.application";
		};
/* End PBXNativeTarget section */

/* Begin PBXProject section */
		BD5FBBED2850D696001504CF /* Project object */ = {
			isa = PBXProject;
			attributes = {
				BuildIndependentTargetsInParallel = 1;
				LastSwiftUpdateCheck = 1400;
				LastUpgradeCheck = 1530;
				TargetAttributes = {
					BD5FBBF42850D696001504CF = {
						CreatedOnToolsVersion = 14.0;
					};
				};
			};
			buildConfigurationList = BD5FBBF02850D696001504CF /* Build configuration list for PBXProject "ScanningDataCamera" */;
			compatibilityVersion = "Xcode 14.0";
			developmentRegion = ja;
			hasScannedForEncodings = 0;
			knownRegions = (
				ja,
				Base,
			);
			mainGroup = BD5FBBEC2850D696001504CF;
			productRefGroup = BD5FBBF62850D696001504CF /* Products */;
			projectDirPath = "";
			projectRoot = "";
			targets = (
				BD5FBBF42850D696001504CF /* ScanningDataCamera */,
			);
		};
/* End PBXProject section */

/* Begin PBXResourcesBuildPhase section */
		BD5FBBF32850D696001504CF /* Resources */ = {
			isa = PBXResourcesBuildPhase;
			buildActionMask = 2147483647;
			files = (
				BD5FBC002850D696001504CF /* Preview Assets.xcassets in Resources */,
				FBC2B8D12A2E8B97008E45FF /* Localizable.strings in Resources */,
				BD5FBBFD2850D696001504CF /* Assets.xcassets in Resources */,
			);
			runOnlyForDeploymentPostprocessing = 0;
		};
/* End PBXResourcesBuildPhase section */

/* Begin PBXSourcesBuildPhase section */
		BD5FBBF12850D696001504CF /* Sources */ = {
			isa = PBXSourcesBuildPhase;
			buildActionMask = 2147483647;
			files = (
				BD5FBBFB2850D696001504CF /* ContentView.swift in Sources */,
				FB3D724E2BA3DD5B007F0665 /* ai_dic.swift in Sources */,
				FBE3C79B2CF0543A003C5616 /* ai_type_enum.swift in Sources */,
				FBECC93B2A45271B00519C10 /* CameraScannerAVF.swift in Sources */,
				FB3DC5B62A40641A00BA5732 /* AVFoundationSetup.swift in Sources */,
				FB299B3F2B9EC46500F2DECE /* interrupted_enum.swift in Sources */,
				BD5FBBF92850D696001504CF /* ScanningDataCameraApp.swift in Sources */,
				FBA615412B7AF79800415B16 /* RelationInfoViewer.swift in Sources */,
				FB4F4A012AFE2D26003E994D /* InfoUIView.swift in Sources */,
				FB3D724C2BA3DD17007F0665 /* GS1_128_all_dic.swift in Sources */,
				FB6FD1992A0CEBEB004C38AC /* webPDFViewSelector.swift in Sources */,
				FB0CEB7A2B9ADC88001233CD /* PackageInsertsViewer.swift in Sources */,
				FB299B432B9ED3C600F2DECE /* GS1_128_enum.swift in Sources */,
				FB299B452B9ED3FE00F2DECE /* barcode_symbol_enum.swift in Sources */,
				FB3D72522BA42AF2007F0665 /* session_setup_result_enum.swift in Sources */,
				FBD898602B5E8E5C0058FF96 /* App_Scene_delegates.swift in Sources */,
				FB3D72482BA3DBC1007F0665 /* hardware_session_image_dic.swift in Sources */,
				FB3D72502BA3DDB2007F0665 /* barCodeSymbolType_dic.swift in Sources */,
				FB299B472B9ED47800F2DECE /* ai_num_array.swift in Sources */,
				FB3D724A2BA3DCCA007F0665 /* GS1_data_matrix_all_dic.swift in Sources */,
				FB299B412B9ED32600F2DECE /* list_struct.swift in Sources */,
				FBECC9392A45260500519C10 /* CALayerView.swift in Sources */,
			);
			runOnlyForDeploymentPostprocessing = 0;
		};
/* End PBXSourcesBuildPhase section */

/* Begin PBXVariantGroup section */
		FBC2B8D32A2E8B97008E45FF /* Localizable.strings */ = {
			isa = PBXVariantGroup;
			children = (
				FBC2B8D22A2E8B97008E45FF /* ja */,
			);
			name = Localizable.strings;
			sourceTree = "<group>";
		};
/* End PBXVariantGroup section */

/* Begin XCBuildConfiguration section */
		BD5FBC012850D696001504CF /* Debug */ = {
			isa = XCBuildConfiguration;
			buildSettings = {
				ALWAYS_SEARCH_USER_PATHS = NO;
				ASSETCATALOG_COMPILER_GENERATE_SWIFT_ASSET_SYMBOL_EXTENSIONS = YES;
				CLANG_ANALYZER_LOCALIZABILITY_NONLOCALIZED = YES;
				CLANG_ANALYZER_NONNULL = YES;
				CLANG_ANALYZER_NUMBER_OBJECT_CONVERSION = YES_AGGRESSIVE;
				CLANG_CXX_LANGUAGE_STANDARD = "gnu++17";
				CLANG_ENABLE_MODULES = YES;
				CLANG_ENABLE_OBJC_ARC = YES;
				CLANG_ENABLE_OBJC_WEAK = YES;
				CLANG_WARN_BLOCK_CAPTURE_AUTORELEASING = YES;
				CLANG_WARN_BOOL_CONVERSION = YES;
				CLANG_WARN_COMMA = YES;
				CLANG_WARN_CONSTANT_CONVERSION = YES;
				CLANG_WARN_DEPRECATED_OBJC_IMPLEMENTATIONS = YES;
				CLANG_WARN_DIRECT_OBJC_ISA_USAGE = YES_ERROR;
				CLANG_WARN_DOCUMENTATION_COMMENTS = YES;
				CLANG_WARN_EMPTY_BODY = YES;
				CLANG_WARN_ENUM_CONVERSION = YES;
				CLANG_WARN_INFINITE_RECURSION = YES;
				CLANG_WARN_INT_CONVERSION = YES;
				CLANG_WARN_NON_LITERAL_NULL_CONVERSION = YES;
				CLANG_WARN_OBJC_IMPLICIT_RETAIN_SELF = YES;
				CLANG_WARN_OBJC_LITERAL_CONVERSION = YES;
				CLANG_WARN_OBJC_ROOT_CLASS = YES_ERROR;
				CLANG_WARN_QUOTED_INCLUDE_IN_FRAMEWORK_HEADER = YES;
				CLANG_WARN_RANGE_LOOP_ANALYSIS = YES;
				CLANG_WARN_STRICT_PROTOTYPES = YES;
				CLANG_WARN_SUSPICIOUS_MOVE = YES;
				CLANG_WARN_UNGUARDED_AVAILABILITY = YES_AGGRESSIVE;
				CLANG_WARN_UNREACHABLE_CODE = YES;
				CLANG_WARN__DUPLICATE_METHOD_MATCH = YES;
				COPY_PHASE_STRIP = NO;
				DEBUG_INFORMATION_FORMAT = dwarf;
				ENABLE_STRICT_OBJC_MSGSEND = YES;
				ENABLE_TESTABILITY = YES;
				ENABLE_USER_SCRIPT_SANDBOXING = YES;
				GCC_C_LANGUAGE_STANDARD = gnu11;
				GCC_DYNAMIC_NO_PIC = NO;
				GCC_NO_COMMON_BLOCKS = YES;
				GCC_OPTIMIZATION_LEVEL = 0;
				GCC_PREPROCESSOR_DEFINITIONS = (
					"DEBUG=1",
					"$(inherited)",
				);
				GCC_WARN_64_TO_32_BIT_CONVERSION = YES;
				GCC_WARN_ABOUT_RETURN_TYPE = YES_ERROR;
				GCC_WARN_UNDECLARED_SELECTOR = YES;
				GCC_WARN_UNINITIALIZED_AUTOS = YES_AGGRESSIVE;
				GCC_WARN_UNUSED_FUNCTION = YES;
				GCC_WARN_UNUSED_VARIABLE = YES;
				IPHONEOS_DEPLOYMENT_TARGET = 16.0;
				MTL_ENABLE_DEBUG_INFO = INCLUDE_SOURCE;
				MTL_FAST_MATH = YES;
				ONLY_ACTIVE_ARCH = YES;
				SDKROOT = iphoneos;
				SWIFT_ACTIVE_COMPILATION_CONDITIONS = DEBUG;
				SWIFT_OPTIMIZATION_LEVEL = "-Onone";
			};
			name = Debug;
		};
		BD5FBC022850D696001504CF /* Release */ = {
			isa = XCBuildConfiguration;
			buildSettings = {
				ALWAYS_SEARCH_USER_PATHS = NO;
				ASSETCATALOG_COMPILER_GENERATE_SWIFT_ASSET_SYMBOL_EXTENSIONS = YES;
				CLANG_ANALYZER_LOCALIZABILITY_NONLOCALIZED = YES;
				CLANG_ANALYZER_NONNULL = YES;
				CLANG_ANALYZER_NUMBER_OBJECT_CONVERSION = YES_AGGRESSIVE;
				CLANG_CXX_LANGUAGE_STANDARD = "gnu++17";
				CLANG_ENABLE_MODULES = YES;
				CLANG_ENABLE_OBJC_ARC = YES;
				CLANG_ENABLE_OBJC_WEAK = YES;
				CLANG_WARN_BLOCK_CAPTURE_AUTORELEASING = YES;
				CLANG_WARN_BOOL_CONVERSION = YES;
				CLANG_WARN_COMMA = YES;
				CLANG_WARN_CONSTANT_CONVERSION = YES;
				CLANG_WARN_DEPRECATED_OBJC_IMPLEMENTATIONS = YES;
				CLANG_WARN_DIRECT_OBJC_ISA_USAGE = YES_ERROR;
				CLANG_WARN_DOCUMENTATION_COMMENTS = YES;
				CLANG_WARN_EMPTY_BODY = YES;
				CLANG_WARN_ENUM_CONVERSION = YES;
				CLANG_WARN_INFINITE_RECURSION = YES;
				CLANG_WARN_INT_CONVERSION = YES;
				CLANG_WARN_NON_LITERAL_NULL_CONVERSION = YES;
				CLANG_WARN_OBJC_IMPLICIT_RETAIN_SELF = YES;
				CLANG_WARN_OBJC_LITERAL_CONVERSION = YES;
				CLANG_WARN_OBJC_ROOT_CLASS = YES_ERROR;
				CLANG_WARN_QUOTED_INCLUDE_IN_FRAMEWORK_HEADER = YES;
				CLANG_WARN_RANGE_LOOP_ANALYSIS = YES;
				CLANG_WARN_STRICT_PROTOTYPES = YES;
				CLANG_WARN_SUSPICIOUS_MOVE = YES;
				CLANG_WARN_UNGUARDED_AVAILABILITY = YES_AGGRESSIVE;
				CLANG_WARN_UNREACHABLE_CODE = YES;
				CLANG_WARN__DUPLICATE_METHOD_MATCH = YES;
				COPY_PHASE_STRIP = NO;
				DEBUG_INFORMATION_FORMAT = "dwarf-with-dsym";
				ENABLE_NS_ASSERTIONS = NO;
				ENABLE_STRICT_OBJC_MSGSEND = YES;
				ENABLE_USER_SCRIPT_SANDBOXING = YES;
				GCC_C_LANGUAGE_STANDARD = gnu11;
				GCC_NO_COMMON_BLOCKS = YES;
				GCC_WARN_64_TO_32_BIT_CONVERSION = YES;
				GCC_WARN_ABOUT_RETURN_TYPE = YES_ERROR;
				GCC_WARN_UNDECLARED_SELECTOR = YES;
				GCC_WARN_UNINITIALIZED_AUTOS = YES_AGGRESSIVE;
				GCC_WARN_UNUSED_FUNCTION = YES;
				GCC_WARN_UNUSED_VARIABLE = YES;
				IPHONEOS_DEPLOYMENT_TARGET = 16.0;
				MTL_ENABLE_DEBUG_INFO = NO;
				MTL_FAST_MATH = YES;
				SDKROOT = iphoneos;
				SWIFT_COMPILATION_MODE = wholemodule;
				SWIFT_OPTIMIZATION_LEVEL = "-O";
				VALIDATE_PRODUCT = YES;
			};
			name = Release;
		};
		BD5FBC042850D696001504CF /* Debug */ = {
			isa = XCBuildConfiguration;
			buildSettings = {
				ASSETCATALOG_COMPILER_APPICON_NAME = AppIcon;
				ASSETCATALOG_COMPILER_GLOBAL_ACCENT_COLOR_NAME = AccentColor;
				ASSETCATALOG_COMPILER_INCLUDE_ALL_APPICON_ASSETS = YES;
				CODE_SIGN_IDENTITY = "Apple Development";
				CODE_SIGN_STYLE = Automatic;
				CURRENT_PROJECT_VERSION = 1;
				DEVELOPMENT_ASSET_PATHS = "\"ScanningDataCamera/Preview Content\"";
				DEVELOPMENT_TEAM = "";
				ENABLE_PREVIEWS = YES;
				GENERATE_INFOPLIST_FILE = YES;
				INFOPLIST_FILE = ScanningDataCamera/Info.plist;
				INFOPLIST_KEY_CFBundleDisplayName = "";
				INFOPLIST_KEY_LSApplicationCategoryType = "public.app-category.business";
				INFOPLIST_KEY_NSCameraUsageDescription = "Your camera is used to scan 1D/2D codes.";
				INFOPLIST_KEY_UIApplicationSceneManifest_Generation = YES;
				INFOPLIST_KEY_UIApplicationSupportsIndirectInputEvents = YES;
				INFOPLIST_KEY_UIRequiresFullScreen = NO;
				INFOPLIST_KEY_UIStatusBarStyle = "";
				INFOPLIST_KEY_UISupportedInterfaceOrientations = "UIInterfaceOrientationLandscapeLeft UIInterfaceOrientationLandscapeRight UIInterfaceOrientationPortrait UIInterfaceOrientationPortraitUpsideDown";
				IPHONEOS_DEPLOYMENT_TARGET = 16.0;
				LD_RUNPATH_SEARCH_PATHS = (
					"$(inherited)",
					"@executable_path/Frameworks",
				);
				MARKETING_VERSION = 1.3;
				PRODUCT_NAME = "$(TARGET_NAME)";
				PROVISIONING_PROFILE_SPECIFIER = "";
				SWIFT_EMIT_LOC_STRINGS = YES;
				SWIFT_VERSION = 5.0;
				TARGETED_DEVICE_FAMILY = "1,2";
			};
			name = Debug;
		};
		BD5FBC052850D696001504CF /* Release */ = {
			isa = XCBuildConfiguration;
			buildSettings = {
				ASSETCATALOG_COMPILER_APPICON_NAME = AppIcon;
				ASSETCATALOG_COMPILER_GLOBAL_ACCENT_COLOR_NAME = AccentColor;
				ASSETCATALOG_COMPILER_INCLUDE_ALL_APPICON_ASSETS = YES;
				CODE_SIGN_IDENTITY = "Apple Development";
				CODE_SIGN_STYLE = Automatic;
				CURRENT_PROJECT_VERSION = 1;
				DEVELOPMENT_ASSET_PATHS = "\"ScanningDataCamera/Preview Content\"";
				DEVELOPMENT_TEAM = "";
				ENABLE_PREVIEWS = YES;
				GENERATE_INFOPLIST_FILE = YES;
				INFOPLIST_FILE = ScanningDataCamera/Info.plist;
				INFOPLIST_KEY_CFBundleDisplayName = "";
				INFOPLIST_KEY_LSApplicationCategoryType = "public.app-category.business";
				INFOPLIST_KEY_NSCameraUsageDescription = "Your camera is used to scan 1D/2D codes.";
				INFOPLIST_KEY_UIApplicationSceneManifest_Generation = YES;
				INFOPLIST_KEY_UIApplicationSupportsIndirectInputEvents = YES;
				INFOPLIST_KEY_UIRequiresFullScreen = NO;
				INFOPLIST_KEY_UIStatusBarStyle = "";
				INFOPLIST_KEY_UISupportedInterfaceOrientations = "UIInterfaceOrientationLandscapeLeft UIInterfaceOrientationLandscapeRight UIInterfaceOrientationPortrait UIInterfaceOrientationPortraitUpsideDown";
				IPHONEOS_DEPLOYMENT_TARGET = 16.0;
				LD_RUNPATH_SEARCH_PATHS = (
					"$(inherited)",
					"@executable_path/Frameworks",
				);
				MARKETING_VERSION = 1.3;
				PRODUCT_NAME = "$(TARGET_NAME)";
				PROVISIONING_PROFILE_SPECIFIER = "";
				SWIFT_EMIT_LOC_STRINGS = YES;
				SWIFT_VERSION = 5.0;
				TARGETED_DEVICE_FAMILY = "1,2";
			};
			name = Release;
		};
/* End XCBuildConfiguration section */

/* Begin XCConfigurationList section */
		BD5FBBF02850D696001504CF /* Build configuration list for PBXProject "ScanningDataCamera" */ = {
			isa = XCConfigurationList;
			buildConfigurations = (
				BD5FBC012850D696001504CF /* Debug */,
				BD5FBC022850D696001504CF /* Release */,
			);
			defaultConfigurationIsVisible = 0;
			defaultConfigurationName = Release;
		};
		BD5FBC032850D696001504CF /* Build configuration list for PBXNativeTarget "ScanningDataCamera" */ = {
			isa = XCConfigurationList;
			buildConfigurations = (
				BD5FBC042850D696001504CF /* Debug */,
				BD5FBC052850D696001504CF /* Release */,
			);
			defaultConfigurationIsVisible = 0;
			defaultConfigurationName = Release;
		};
/* End XCConfigurationList section */
	};
	rootObject = BD5FBBED2850D696001504CF /* Project object */;
}
